
Microsoft Visual Studio Solution File, Format Version 12.00
# Visual Studio Version 17
VisualStudioVersion = 17.0.32014.148
MinimumVisualStudioVersion = 10.0.40219.1
Project("{FAE04EC0-301F-11D3-BF4B-00C04F79EFBC}") = "GLife", "GLife.csproj", "{852DCAB3-5CCB-403B-ABD6-CAC3ACEAEA09}"
EndProject
Global
	GlobalSection(SolutionConfigurationPlatforms) = preSolution
		Debug|Any CPU = Debug|Any CPU
		Release|Any CPU = Release|Any CPU
	EndGlobalSection
	GlobalSection(ProjectConfigurationPlatforms) = postSolution
		{852DCAB3-5CCB-403B-ABD6-CAC3ACEAEA09}.Debug|Any CPU.ActiveCfg = Debug|Any CPU
		{852DCAB3-5CCB-403B-ABD6-CAC3ACEAEA09}.Debug|Any CPU.Build.0 = Debug|Any CPU
		{852DCAB3-5CCB-403B-ABD6-CAC3ACEAEA09}.Release|Any CPU.ActiveCfg = Release|Any CPU
		{852DCAB3-5CCB-403B-ABD6-CAC3ACEAEA09}.Release|Any CPU.Build.0 = Release|Any CPU
	EndGlobalSection
	GlobalSection(SolutionProperties) = preSolution
		HideSolutionNode = FALSE
	EndGlobalSection
	GlobalSection(ExtensibilityGlobals) = postSolution
		SolutionGuid = {EDE96C82-1B6A-42C0-A935-91A8D1135FA2}
	EndGlobalSection
EndGlobal
